// !$*UTF8*$!
{
	archiveVersion = 1;
	classes = {
	};
	objectVersion = 46;
	objects = {

/* Begin PBXBuildFile section */
		3ADA1356491D01B2AECA2F66 /* libPods.a in Frameworks */ = {isa = PBXBuildFile; fileRef = DD7E93940E6978FEBF28E7FA /* libPods.a */; };
		916B36701BAE5E5800EE2402 /* YelpAPIHelper.m in Sources */ = {isa = PBXBuildFile; fileRef = 916B366F1BAE5E5800EE2402 /* YelpAPIHelper.m */; };
		916B36731BAE5F1700EE2402 /* ImageUrlHelper.m in Sources */ = {isa = PBXBuildFile; fileRef = 916B36721BAE5F1700EE2402 /* ImageUrlHelper.m */; };
		916B36761BAE5F2100EE2402 /* Business.m in Sources */ = {isa = PBXBuildFile; fileRef = 916B36751BAE5F2100EE2402 /* Business.m */; };
		916B367A1BAE778900EE2402 /* Parse.framework in Frameworks */ = {isa = PBXBuildFile; fileRef = 916B36791BAE778900EE2402 /* Parse.framework */; };
		916B367C1BAE779800EE2402 /* AudioToolbox.framework in Frameworks */ = {isa = PBXBuildFile; fileRef = 916B367B1BAE779800EE2402 /* AudioToolbox.framework */; };
		916B367E1BAE779C00EE2402 /* CFNetwork.framework in Frameworks */ = {isa = PBXBuildFile; fileRef = 916B367D1BAE779C00EE2402 /* CFNetwork.framework */; };
		916B36801BAE77A800EE2402 /* CoreLocation.framework in Frameworks */ = {isa = PBXBuildFile; fileRef = 916B367F1BAE77A800EE2402 /* CoreLocation.framework */; };
		916B36821BAE77AF00EE2402 /* CoreGraphics.framework in Frameworks */ = {isa = PBXBuildFile; fileRef = 916B36811BAE77AF00EE2402 /* CoreGraphics.framework */; };
		916B36841BAE77B500EE2402 /* QuartzCore.framework in Frameworks */ = {isa = PBXBuildFile; fileRef = 916B36831BAE77B500EE2402 /* QuartzCore.framework */; };
		916B36861BAE77C200EE2402 /* Security.framework in Frameworks */ = {isa = PBXBuildFile; fileRef = 916B36851BAE77C200EE2402 /* Security.framework */; };
		916B36881BAE77C600EE2402 /* StoreKit.framework in Frameworks */ = {isa = PBXBuildFile; fileRef = 916B36871BAE77C600EE2402 /* StoreKit.framework */; };
		916B368A1BAE77CB00EE2402 /* SystemConfiguration.framework in Frameworks */ = {isa = PBXBuildFile; fileRef = 916B36891BAE77CB00EE2402 /* SystemConfiguration.framework */; };
		916B368C1BAE77D400EE2402 /* libz.dylib in Frameworks */ = {isa = PBXBuildFile; fileRef = 916B368B1BAE77D400EE2402 /* libz.dylib */; };
		916B368E1BAE77DB00EE2402 /* libsqlite3.dylib in Frameworks */ = {isa = PBXBuildFile; fileRef = 916B368D1BAE77DB00EE2402 /* libsqlite3.dylib */; };
		916B36901BAE77F700EE2402 /* Accounts.framework in Frameworks */ = {isa = PBXBuildFile; fileRef = 916B368F1BAE77F700EE2402 /* Accounts.framework */; };
		916B36921BAE77FE00EE2402 /* Social.framework in Frameworks */ = {isa = PBXBuildFile; fileRef = 916B36911BAE77FE00EE2402 /* Social.framework */; };
		916B36941BAE782000EE2402 /* Bolts.framework in Frameworks */ = {isa = PBXBuildFile; fileRef = 916B36931BAE782000EE2402 /* Bolts.framework */; };
		916B36A41BAEC25400EE2402 /* IBMServerHelper.m in Sources */ = {isa = PBXBuildFile; fileRef = 916B36A31BAEC25400EE2402 /* IBMServerHelper.m */; };
		91BD9BA51BAE1728003D82EF /* main.m in Sources */ = {isa = PBXBuildFile; fileRef = 91BD9BA41BAE1728003D82EF /* main.m */; };
		91BD9BA81BAE1728003D82EF /* AppDelegate.m in Sources */ = {isa = PBXBuildFile; fileRef = 91BD9BA71BAE1728003D82EF /* AppDelegate.m */; };
		91BD9BAB1BAE1728003D82EF /* foodie.xcdatamodeld in Sources */ = {isa = PBXBuildFile; fileRef = 91BD9BA91BAE1728003D82EF /* foodie.xcdatamodeld */; };
		91BD9BAE1BAE1728003D82EF /* ViewController.m in Sources */ = {isa = PBXBuildFile; fileRef = 91BD9BAD1BAE1728003D82EF /* ViewController.m */; };
		91BD9BB11BAE1728003D82EF /* Main.storyboard in Resources */ = {isa = PBXBuildFile; fileRef = 91BD9BAF1BAE1728003D82EF /* Main.storyboard */; };
		91BD9BB31BAE1728003D82EF /* Images.xcassets in Resources */ = {isa = PBXBuildFile; fileRef = 91BD9BB21BAE1728003D82EF /* Images.xcassets */; };
		91BD9BB61BAE1728003D82EF /* LaunchScreen.xib in Resources */ = {isa = PBXBuildFile; fileRef = 91BD9BB41BAE1728003D82EF /* LaunchScreen.xib */; };
		91BD9BC21BAE1728003D82EF /* foodieTests.m in Sources */ = {isa = PBXBuildFile; fileRef = 91BD9BC11BAE1728003D82EF /* foodieTests.m */; };
		91BD9C351BAE246C003D82EF /* NSURLRequest+OAuth.m in Sources */ = {isa = PBXBuildFile; fileRef = 91BD9C0B1BAE246C003D82EF /* NSURLRequest+OAuth.m */; };
		91BD9C371BAE246C003D82EF /* NSMutableURLRequest+Parameters.m in Sources */ = {isa = PBXBuildFile; fileRef = 91BD9C101BAE246C003D82EF /* NSMutableURLRequest+Parameters.m */; settings = {COMPILER_FLAGS = "-fno-objc-arc"; }; };
		91BD9C381BAE246C003D82EF /* NSString+URLEncoding.m in Sources */ = {isa = PBXBuildFile; fileRef = 91BD9C121BAE246C003D82EF /* NSString+URLEncoding.m */; settings = {COMPILER_FLAGS = "-fno-objc-arc"; }; };
		91BD9C391BAE246C003D82EF /* NSURL+Base.m in Sources */ = {isa = PBXBuildFile; fileRef = 91BD9C141BAE246C003D82EF /* NSURL+Base.m */; };
		91BD9C3A1BAE246C003D82EF /* Base64Transcoder.c in Sources */ = {isa = PBXBuildFile; fileRef = 91BD9C161BAE246C003D82EF /* Base64Transcoder.c */; };
		91BD9C3B1BAE246C003D82EF /* hmac.c in Sources */ = {isa = PBXBuildFile; fileRef = 91BD9C181BAE246C003D82EF /* hmac.c */; };
		91BD9C3C1BAE246C003D82EF /* sha1.c in Sources */ = {isa = PBXBuildFile; fileRef = 91BD9C1A1BAE246C003D82EF /* sha1.c */; };
		91BD9C3D1BAE246C003D82EF /* OACall.m in Sources */ = {isa = PBXBuildFile; fileRef = 91BD9C1D1BAE246C003D82EF /* OACall.m */; settings = {COMPILER_FLAGS = "-fno-objc-arc"; }; };
		91BD9C3E1BAE246C003D82EF /* OAConsumer.m in Sources */ = {isa = PBXBuildFile; fileRef = 91BD9C1F1BAE246C003D82EF /* OAConsumer.m */; settings = {COMPILER_FLAGS = "-fno-objc-arc"; }; };
		91BD9C3F1BAE246C003D82EF /* OADataFetcher.m in Sources */ = {isa = PBXBuildFile; fileRef = 91BD9C211BAE246C003D82EF /* OADataFetcher.m */; settings = {COMPILER_FLAGS = "-fno-objc-arc"; }; };
		91BD9C401BAE246C003D82EF /* OAHMAC_SHA1SignatureProvider.m in Sources */ = {isa = PBXBuildFile; fileRef = 91BD9C231BAE246C003D82EF /* OAHMAC_SHA1SignatureProvider.m */; settings = {COMPILER_FLAGS = "-fno-objc-arc"; }; };
		91BD9C411BAE246C003D82EF /* OAMutableURLRequest.m in Sources */ = {isa = PBXBuildFile; fileRef = 91BD9C251BAE246C003D82EF /* OAMutableURLRequest.m */; settings = {COMPILER_FLAGS = "-fno-objc-arc"; }; };
		91BD9C421BAE246C003D82EF /* OAPlaintextSignatureProvider.m in Sources */ = {isa = PBXBuildFile; fileRef = 91BD9C271BAE246C003D82EF /* OAPlaintextSignatureProvider.m */; };
		91BD9C431BAE246C003D82EF /* OAProblem.m in Sources */ = {isa = PBXBuildFile; fileRef = 91BD9C291BAE246C003D82EF /* OAProblem.m */; settings = {COMPILER_FLAGS = "-fno-objc-arc"; }; };
		91BD9C441BAE246C003D82EF /* OARequestParameter.m in Sources */ = {isa = PBXBuildFile; fileRef = 91BD9C2B1BAE246C003D82EF /* OARequestParameter.m */; settings = {COMPILER_FLAGS = "-fno-objc-arc"; }; };
		91BD9C451BAE246C003D82EF /* OAServiceTicket.m in Sources */ = {isa = PBXBuildFile; fileRef = 91BD9C2D1BAE246C003D82EF /* OAServiceTicket.m */; settings = {COMPILER_FLAGS = "-fno-objc-arc"; }; };
		91BD9C461BAE246C003D82EF /* OAToken.m in Sources */ = {isa = PBXBuildFile; fileRef = 91BD9C301BAE246C003D82EF /* OAToken.m */; settings = {COMPILER_FLAGS = "-fno-objc-arc"; }; };
		91BD9C471BAE246C003D82EF /* OATokenManager.m in Sources */ = {isa = PBXBuildFile; fileRef = 91BD9C321BAE246C003D82EF /* OATokenManager.m */; settings = {COMPILER_FLAGS = "-fno-objc-arc"; }; };
		E5431B991BAE40DA00CC6105 /* ChooseFoodView.m in Sources */ = {isa = PBXBuildFile; fileRef = E5431B981BAE40DA00CC6105 /* ChooseFoodView.m */; };
		E5431B9C1BAE416B00CC6105 /* ImageLabelView.m in Sources */ = {isa = PBXBuildFile; fileRef = E5431B9B1BAE416B00CC6105 /* ImageLabelView.m */; };
		E5431BA01BAE41EA00CC6105 /* Food.m in Sources */ = {isa = PBXBuildFile; fileRef = E5431B9F1BAE41EA00CC6105 /* Food.m */; };
		E5431BA31BAE7E1C00CC6105 /* MyListViewController.m in Sources */ = {isa = PBXBuildFile; fileRef = E5431BA21BAE7E1C00CC6105 /* MyListViewController.m */; };
		E5431BA61BAE7ECC00CC6105 /* MyListTableViewCell.m in Sources */ = {isa = PBXBuildFile; fileRef = E5431BA51BAE7ECC00CC6105 /* MyListTableViewCell.m */; };
		E5431BAC1BAEA38D00CC6105 /* UINavigationBar+CustomHeight.m in Sources */ = {isa = PBXBuildFile; fileRef = E5431BAB1BAEA38D00CC6105 /* UINavigationBar+CustomHeight.m */; };
		E5431BAF1BAEBB7D00CC6105 /* DetailViewController.m in Sources */ = {isa = PBXBuildFile; fileRef = E5431BAE1BAEBB7D00CC6105 /* DetailViewController.m */; };
		E5431BB11BAEBD8100CC6105 /* MapKit.framework in Frameworks */ = {isa = PBXBuildFile; fileRef = E5431BB01BAEBD8100CC6105 /* MapKit.framework */; };
		E5C3733F1BAEE842003B7603 /* Configurations.plist in Resources */ = {isa = PBXBuildFile; fileRef = E5C3733E1BAEE842003B7603 /* Configurations.plist */; };
		E5C373471BAEF209003B7603 /* MessageCell.m in Sources */ = {isa = PBXBuildFile; fileRef = E5C373421BAEF209003B7603 /* MessageCell.m */; };
		E5C373481BAEF209003B7603 /* MessagesViewController.m in Sources */ = {isa = PBXBuildFile; fileRef = E5C373441BAEF209003B7603 /* MessagesViewController.m */; };
		E5C373491BAEF209003B7603 /* MessageTextView.m in Sources */ = {isa = PBXBuildFile; fileRef = E5C373461BAEF209003B7603 /* MessageTextView.m */; };
		E5C3734F1BAEF239003B7603 /* QuickStartUtils.m in Sources */ = {isa = PBXBuildFile; fileRef = E5C3734C1BAEF239003B7603 /* QuickStartUtils.m */; };
		E5C373501BAEF239003B7603 /* UIColor+QuickStart.m in Sources */ = {isa = PBXBuildFile; fileRef = E5C3734E1BAEF239003B7603 /* UIColor+QuickStart.m */; };
		E5C373531BAEF3C3003B7603 /* NavigationViewController.m in Sources */ = {isa = PBXBuildFile; fileRef = E5C373521BAEF3C3003B7603 /* NavigationViewController.m */; };
/* End PBXBuildFile section */

/* Begin PBXContainerItemProxy section */
		91BD9BBC1BAE1728003D82EF /* PBXContainerItemProxy */ = {
			isa = PBXContainerItemProxy;
			containerPortal = 91BD9B971BAE1728003D82EF /* Project object */;
			proxyType = 1;
			remoteGlobalIDString = 91BD9B9E1BAE1728003D82EF;
			remoteInfo = foodie;
		};
/* End PBXContainerItemProxy section */

/* Begin PBXFileReference section */
		1D4AEA9872649168D5BD50B7 /* Pods.release.xcconfig */ = {isa = PBXFileReference; includeInIndex = 1; lastKnownFileType = text.xcconfig; name = Pods.release.xcconfig; path = "Pods/Target Support Files/Pods/Pods.release.xcconfig"; sourceTree = "<group>"; };
		916B366E1BAE5E5800EE2402 /* YelpAPIHelper.h */ = {isa = PBXFileReference; fileEncoding = 4; lastKnownFileType = sourcecode.c.h; path = YelpAPIHelper.h; sourceTree = "<group>"; };
		916B366F1BAE5E5800EE2402 /* YelpAPIHelper.m */ = {isa = PBXFileReference; fileEncoding = 4; lastKnownFileType = sourcecode.c.objc; path = YelpAPIHelper.m; sourceTree = "<group>"; };
		916B36711BAE5F1700EE2402 /* ImageUrlHelper.h */ = {isa = PBXFileReference; fileEncoding = 4; lastKnownFileType = sourcecode.c.h; path = ImageUrlHelper.h; sourceTree = "<group>"; };
		916B36721BAE5F1700EE2402 /* ImageUrlHelper.m */ = {isa = PBXFileReference; fileEncoding = 4; lastKnownFileType = sourcecode.c.objc; path = ImageUrlHelper.m; sourceTree = "<group>"; };
		916B36741BAE5F2100EE2402 /* Business.h */ = {isa = PBXFileReference; fileEncoding = 4; lastKnownFileType = sourcecode.c.h; path = Business.h; sourceTree = "<group>"; };
		916B36751BAE5F2100EE2402 /* Business.m */ = {isa = PBXFileReference; fileEncoding = 4; lastKnownFileType = sourcecode.c.objc; path = Business.m; sourceTree = "<group>"; };
		916B36791BAE778900EE2402 /* Parse.framework */ = {isa = PBXFileReference; lastKnownFileType = wrapper.framework; path = Parse.framework; sourceTree = "<group>"; };
		916B367B1BAE779800EE2402 /* AudioToolbox.framework */ = {isa = PBXFileReference; lastKnownFileType = wrapper.framework; name = AudioToolbox.framework; path = System/Library/Frameworks/AudioToolbox.framework; sourceTree = SDKROOT; };
		916B367D1BAE779C00EE2402 /* CFNetwork.framework */ = {isa = PBXFileReference; lastKnownFileType = wrapper.framework; name = CFNetwork.framework; path = System/Library/Frameworks/CFNetwork.framework; sourceTree = SDKROOT; };
		916B367F1BAE77A800EE2402 /* CoreLocation.framework */ = {isa = PBXFileReference; lastKnownFileType = wrapper.framework; name = CoreLocation.framework; path = System/Library/Frameworks/CoreLocation.framework; sourceTree = SDKROOT; };
		916B36811BAE77AF00EE2402 /* CoreGraphics.framework */ = {isa = PBXFileReference; lastKnownFileType = wrapper.framework; name = CoreGraphics.framework; path = System/Library/Frameworks/CoreGraphics.framework; sourceTree = SDKROOT; };
		916B36831BAE77B500EE2402 /* QuartzCore.framework */ = {isa = PBXFileReference; lastKnownFileType = wrapper.framework; name = QuartzCore.framework; path = System/Library/Frameworks/QuartzCore.framework; sourceTree = SDKROOT; };
		916B36851BAE77C200EE2402 /* Security.framework */ = {isa = PBXFileReference; lastKnownFileType = wrapper.framework; name = Security.framework; path = System/Library/Frameworks/Security.framework; sourceTree = SDKROOT; };
		916B36871BAE77C600EE2402 /* StoreKit.framework */ = {isa = PBXFileReference; lastKnownFileType = wrapper.framework; name = StoreKit.framework; path = System/Library/Frameworks/StoreKit.framework; sourceTree = SDKROOT; };
		916B36891BAE77CB00EE2402 /* SystemConfiguration.framework */ = {isa = PBXFileReference; lastKnownFileType = wrapper.framework; name = SystemConfiguration.framework; path = System/Library/Frameworks/SystemConfiguration.framework; sourceTree = SDKROOT; };
		916B368B1BAE77D400EE2402 /* libz.dylib */ = {isa = PBXFileReference; lastKnownFileType = "compiled.mach-o.dylib"; name = libz.dylib; path = usr/lib/libz.dylib; sourceTree = SDKROOT; };
		916B368D1BAE77DB00EE2402 /* libsqlite3.dylib */ = {isa = PBXFileReference; lastKnownFileType = "compiled.mach-o.dylib"; name = libsqlite3.dylib; path = usr/lib/libsqlite3.dylib; sourceTree = SDKROOT; };
		916B368F1BAE77F700EE2402 /* Accounts.framework */ = {isa = PBXFileReference; lastKnownFileType = wrapper.framework; name = Accounts.framework; path = System/Library/Frameworks/Accounts.framework; sourceTree = SDKROOT; };
		916B36911BAE77FE00EE2402 /* Social.framework */ = {isa = PBXFileReference; lastKnownFileType = wrapper.framework; name = Social.framework; path = System/Library/Frameworks/Social.framework; sourceTree = SDKROOT; };
		916B36931BAE782000EE2402 /* Bolts.framework */ = {isa = PBXFileReference; lastKnownFileType = wrapper.framework; path = Bolts.framework; sourceTree = "<group>"; };
		916B36A21BAEC25400EE2402 /* IBMServerHelper.h */ = {isa = PBXFileReference; fileEncoding = 4; lastKnownFileType = sourcecode.c.h; path = IBMServerHelper.h; sourceTree = "<group>"; };
		916B36A31BAEC25400EE2402 /* IBMServerHelper.m */ = {isa = PBXFileReference; fileEncoding = 4; lastKnownFileType = sourcecode.c.objc; path = IBMServerHelper.m; sourceTree = "<group>"; };
		91BD9B9F1BAE1728003D82EF /* foodie.app */ = {isa = PBXFileReference; explicitFileType = wrapper.application; includeInIndex = 0; path = foodie.app; sourceTree = BUILT_PRODUCTS_DIR; };
		91BD9BA31BAE1728003D82EF /* Info.plist */ = {isa = PBXFileReference; lastKnownFileType = text.plist.xml; path = Info.plist; sourceTree = "<group>"; };
		91BD9BA41BAE1728003D82EF /* main.m */ = {isa = PBXFileReference; lastKnownFileType = sourcecode.c.objc; path = main.m; sourceTree = "<group>"; };
		91BD9BA61BAE1728003D82EF /* AppDelegate.h */ = {isa = PBXFileReference; lastKnownFileType = sourcecode.c.h; path = AppDelegate.h; sourceTree = "<group>"; };
		91BD9BA71BAE1728003D82EF /* AppDelegate.m */ = {isa = PBXFileReference; lastKnownFileType = sourcecode.c.objc; path = AppDelegate.m; sourceTree = "<group>"; };
		91BD9BAA1BAE1728003D82EF /* foodie.xcdatamodel */ = {isa = PBXFileReference; lastKnownFileType = wrapper.xcdatamodel; path = foodie.xcdatamodel; sourceTree = "<group>"; };
		91BD9BAC1BAE1728003D82EF /* ViewController.h */ = {isa = PBXFileReference; lastKnownFileType = sourcecode.c.h; path = ViewController.h; sourceTree = "<group>"; };
		91BD9BAD1BAE1728003D82EF /* ViewController.m */ = {isa = PBXFileReference; lastKnownFileType = sourcecode.c.objc; path = ViewController.m; sourceTree = "<group>"; };
		91BD9BB01BAE1728003D82EF /* Base */ = {isa = PBXFileReference; lastKnownFileType = file.storyboard; name = Base; path = Base.lproj/Main.storyboard; sourceTree = "<group>"; };
		91BD9BB21BAE1728003D82EF /* Images.xcassets */ = {isa = PBXFileReference; lastKnownFileType = folder.assetcatalog; path = Images.xcassets; sourceTree = "<group>"; };
		91BD9BB51BAE1728003D82EF /* Base */ = {isa = PBXFileReference; lastKnownFileType = file.xib; name = Base; path = Base.lproj/LaunchScreen.xib; sourceTree = "<group>"; };
		91BD9BBB1BAE1728003D82EF /* foodieTests.xctest */ = {isa = PBXFileReference; explicitFileType = wrapper.cfbundle; includeInIndex = 0; path = foodieTests.xctest; sourceTree = BUILT_PRODUCTS_DIR; };
		91BD9BC01BAE1728003D82EF /* Info.plist */ = {isa = PBXFileReference; lastKnownFileType = text.plist.xml; path = Info.plist; sourceTree = "<group>"; };
		91BD9BC11BAE1728003D82EF /* foodieTests.m */ = {isa = PBXFileReference; lastKnownFileType = sourcecode.c.objc; path = foodieTests.m; sourceTree = "<group>"; };
		91BD9C091BAE2157003D82EF /* foodie-Prefix.pch */ = {isa = PBXFileReference; fileEncoding = 4; lastKnownFileType = sourcecode.c.h; path = "foodie-Prefix.pch"; sourceTree = "<group>"; };
		91BD9C0A1BAE246C003D82EF /* NSURLRequest+OAuth.h */ = {isa = PBXFileReference; fileEncoding = 4; lastKnownFileType = sourcecode.c.h; path = "NSURLRequest+OAuth.h"; sourceTree = "<group>"; };
		91BD9C0B1BAE246C003D82EF /* NSURLRequest+OAuth.m */ = {isa = PBXFileReference; fileEncoding = 4; lastKnownFileType = sourcecode.c.objc; path = "NSURLRequest+OAuth.m"; sourceTree = "<group>"; };
		91BD9C0F1BAE246C003D82EF /* NSMutableURLRequest+Parameters.h */ = {isa = PBXFileReference; fileEncoding = 4; lastKnownFileType = sourcecode.c.h; path = "NSMutableURLRequest+Parameters.h"; sourceTree = "<group>"; };
		91BD9C101BAE246C003D82EF /* NSMutableURLRequest+Parameters.m */ = {isa = PBXFileReference; fileEncoding = 4; lastKnownFileType = sourcecode.c.objc; path = "NSMutableURLRequest+Parameters.m"; sourceTree = "<group>"; };
		91BD9C111BAE246C003D82EF /* NSString+URLEncoding.h */ = {isa = PBXFileReference; fileEncoding = 4; lastKnownFileType = sourcecode.c.h; path = "NSString+URLEncoding.h"; sourceTree = "<group>"; };
		91BD9C121BAE246C003D82EF /* NSString+URLEncoding.m */ = {isa = PBXFileReference; fileEncoding = 4; lastKnownFileType = sourcecode.c.objc; path = "NSString+URLEncoding.m"; sourceTree = "<group>"; };
		91BD9C131BAE246C003D82EF /* NSURL+Base.h */ = {isa = PBXFileReference; fileEncoding = 4; lastKnownFileType = sourcecode.c.h; path = "NSURL+Base.h"; sourceTree = "<group>"; };
		91BD9C141BAE246C003D82EF /* NSURL+Base.m */ = {isa = PBXFileReference; fileEncoding = 4; lastKnownFileType = sourcecode.c.objc; path = "NSURL+Base.m"; sourceTree = "<group>"; };
		91BD9C161BAE246C003D82EF /* Base64Transcoder.c */ = {isa = PBXFileReference; fileEncoding = 4; lastKnownFileType = sourcecode.c.c; path = Base64Transcoder.c; sourceTree = "<group>"; };
		91BD9C171BAE246C003D82EF /* Base64Transcoder.h */ = {isa = PBXFileReference; fileEncoding = 4; lastKnownFileType = sourcecode.c.h; path = Base64Transcoder.h; sourceTree = "<group>"; };
		91BD9C181BAE246C003D82EF /* hmac.c */ = {isa = PBXFileReference; fileEncoding = 4; lastKnownFileType = sourcecode.c.c; path = hmac.c; sourceTree = "<group>"; };
		91BD9C191BAE246C003D82EF /* hmac.h */ = {isa = PBXFileReference; fileEncoding = 4; lastKnownFileType = sourcecode.c.h; path = hmac.h; sourceTree = "<group>"; };
		91BD9C1A1BAE246C003D82EF /* sha1.c */ = {isa = PBXFileReference; fileEncoding = 4; lastKnownFileType = sourcecode.c.c; path = sha1.c; sourceTree = "<group>"; };
		91BD9C1B1BAE246C003D82EF /* sha1.h */ = {isa = PBXFileReference; fileEncoding = 4; lastKnownFileType = sourcecode.c.h; path = sha1.h; sourceTree = "<group>"; };
		91BD9C1C1BAE246C003D82EF /* OACall.h */ = {isa = PBXFileReference; fileEncoding = 4; lastKnownFileType = sourcecode.c.h; path = OACall.h; sourceTree = "<group>"; };
		91BD9C1D1BAE246C003D82EF /* OACall.m */ = {isa = PBXFileReference; fileEncoding = 4; lastKnownFileType = sourcecode.c.objc; path = OACall.m; sourceTree = "<group>"; };
		91BD9C1E1BAE246C003D82EF /* OAConsumer.h */ = {isa = PBXFileReference; fileEncoding = 4; lastKnownFileType = sourcecode.c.h; path = OAConsumer.h; sourceTree = "<group>"; };
		91BD9C1F1BAE246C003D82EF /* OAConsumer.m */ = {isa = PBXFileReference; fileEncoding = 4; lastKnownFileType = sourcecode.c.objc; path = OAConsumer.m; sourceTree = "<group>"; };
		91BD9C201BAE246C003D82EF /* OADataFetcher.h */ = {isa = PBXFileReference; fileEncoding = 4; lastKnownFileType = sourcecode.c.h; path = OADataFetcher.h; sourceTree = "<group>"; };
		91BD9C211BAE246C003D82EF /* OADataFetcher.m */ = {isa = PBXFileReference; fileEncoding = 4; lastKnownFileType = sourcecode.c.objc; path = OADataFetcher.m; sourceTree = "<group>"; };
		91BD9C221BAE246C003D82EF /* OAHMAC_SHA1SignatureProvider.h */ = {isa = PBXFileReference; fileEncoding = 4; lastKnownFileType = sourcecode.c.h; path = OAHMAC_SHA1SignatureProvider.h; sourceTree = "<group>"; };
		91BD9C231BAE246C003D82EF /* OAHMAC_SHA1SignatureProvider.m */ = {isa = PBXFileReference; fileEncoding = 4; lastKnownFileType = sourcecode.c.objc; path = OAHMAC_SHA1SignatureProvider.m; sourceTree = "<group>"; };
		91BD9C241BAE246C003D82EF /* OAMutableURLRequest.h */ = {isa = PBXFileReference; fileEncoding = 4; lastKnownFileType = sourcecode.c.h; path = OAMutableURLRequest.h; sourceTree = "<group>"; };
		91BD9C251BAE246C003D82EF /* OAMutableURLRequest.m */ = {isa = PBXFileReference; fileEncoding = 4; lastKnownFileType = sourcecode.c.objc; path = OAMutableURLRequest.m; sourceTree = "<group>"; };
		91BD9C261BAE246C003D82EF /* OAPlaintextSignatureProvider.h */ = {isa = PBXFileReference; fileEncoding = 4; lastKnownFileType = sourcecode.c.h; path = OAPlaintextSignatureProvider.h; sourceTree = "<group>"; };
		91BD9C271BAE246C003D82EF /* OAPlaintextSignatureProvider.m */ = {isa = PBXFileReference; fileEncoding = 4; lastKnownFileType = sourcecode.c.objc; path = OAPlaintextSignatureProvider.m; sourceTree = "<group>"; };
		91BD9C281BAE246C003D82EF /* OAProblem.h */ = {isa = PBXFileReference; fileEncoding = 4; lastKnownFileType = sourcecode.c.h; path = OAProblem.h; sourceTree = "<group>"; };
		91BD9C291BAE246C003D82EF /* OAProblem.m */ = {isa = PBXFileReference; fileEncoding = 4; lastKnownFileType = sourcecode.c.objc; path = OAProblem.m; sourceTree = "<group>"; };
		91BD9C2A1BAE246C003D82EF /* OARequestParameter.h */ = {isa = PBXFileReference; fileEncoding = 4; lastKnownFileType = sourcecode.c.h; path = OARequestParameter.h; sourceTree = "<group>"; };
		91BD9C2B1BAE246C003D82EF /* OARequestParameter.m */ = {isa = PBXFileReference; fileEncoding = 4; lastKnownFileType = sourcecode.c.objc; path = OARequestParameter.m; sourceTree = "<group>"; };
		91BD9C2C1BAE246C003D82EF /* OAServiceTicket.h */ = {isa = PBXFileReference; fileEncoding = 4; lastKnownFileType = sourcecode.c.h; path = OAServiceTicket.h; sourceTree = "<group>"; };
		91BD9C2D1BAE246C003D82EF /* OAServiceTicket.m */ = {isa = PBXFileReference; fileEncoding = 4; lastKnownFileType = sourcecode.c.objc; path = OAServiceTicket.m; sourceTree = "<group>"; };
		91BD9C2E1BAE246C003D82EF /* OASignatureProviding.h */ = {isa = PBXFileReference; fileEncoding = 4; lastKnownFileType = sourcecode.c.h; path = OASignatureProviding.h; sourceTree = "<group>"; };
		91BD9C2F1BAE246C003D82EF /* OAToken.h */ = {isa = PBXFileReference; fileEncoding = 4; lastKnownFileType = sourcecode.c.h; path = OAToken.h; sourceTree = "<group>"; };
		91BD9C301BAE246C003D82EF /* OAToken.m */ = {isa = PBXFileReference; fileEncoding = 4; lastKnownFileType = sourcecode.c.objc; path = OAToken.m; sourceTree = "<group>"; };
		91BD9C311BAE246C003D82EF /* OATokenManager.h */ = {isa = PBXFileReference; fileEncoding = 4; lastKnownFileType = sourcecode.c.h; path = OATokenManager.h; sourceTree = "<group>"; };
		91BD9C321BAE246C003D82EF /* OATokenManager.m */ = {isa = PBXFileReference; fileEncoding = 4; lastKnownFileType = sourcecode.c.objc; path = OATokenManager.m; sourceTree = "<group>"; };
		91BD9C331BAE246C003D82EF /* OAuthConsumer.h */ = {isa = PBXFileReference; fileEncoding = 4; lastKnownFileType = sourcecode.c.h; path = OAuthConsumer.h; sourceTree = "<group>"; };
		BB8AEC1F6DB5597042DA1B15 /* Pods.debug.xcconfig */ = {isa = PBXFileReference; includeInIndex = 1; lastKnownFileType = text.xcconfig; name = Pods.debug.xcconfig; path = "Pods/Target Support Files/Pods/Pods.debug.xcconfig"; sourceTree = "<group>"; };
		DD7E93940E6978FEBF28E7FA /* libPods.a */ = {isa = PBXFileReference; explicitFileType = archive.ar; includeInIndex = 0; path = libPods.a; sourceTree = BUILT_PRODUCTS_DIR; };
		E5431B971BAE40DA00CC6105 /* ChooseFoodView.h */ = {isa = PBXFileReference; fileEncoding = 4; lastKnownFileType = sourcecode.c.h; name = ChooseFoodView.h; path = Views/ChooseFoodView.h; sourceTree = "<group>"; };
		E5431B981BAE40DA00CC6105 /* ChooseFoodView.m */ = {isa = PBXFileReference; fileEncoding = 4; lastKnownFileType = sourcecode.c.objc; name = ChooseFoodView.m; path = Views/ChooseFoodView.m; sourceTree = "<group>"; };
		E5431B9A1BAE416B00CC6105 /* ImageLabelView.h */ = {isa = PBXFileReference; fileEncoding = 4; lastKnownFileType = sourcecode.c.h; path = ImageLabelView.h; sourceTree = "<group>"; };
		E5431B9B1BAE416B00CC6105 /* ImageLabelView.m */ = {isa = PBXFileReference; fileEncoding = 4; lastKnownFileType = sourcecode.c.objc; path = ImageLabelView.m; sourceTree = "<group>"; };
		E5431B9E1BAE41EA00CC6105 /* Food.h */ = {isa = PBXFileReference; fileEncoding = 4; lastKnownFileType = sourcecode.c.h; name = Food.h; path = Models/Food.h; sourceTree = "<group>"; };
		E5431B9F1BAE41EA00CC6105 /* Food.m */ = {isa = PBXFileReference; fileEncoding = 4; lastKnownFileType = sourcecode.c.objc; name = Food.m; path = Models/Food.m; sourceTree = "<group>"; };
		E5431BA11BAE7E1C00CC6105 /* MyListViewController.h */ = {isa = PBXFileReference; fileEncoding = 4; lastKnownFileType = sourcecode.c.h; path = MyListViewController.h; sourceTree = "<group>"; };
		E5431BA21BAE7E1C00CC6105 /* MyListViewController.m */ = {isa = PBXFileReference; fileEncoding = 4; lastKnownFileType = sourcecode.c.objc; path = MyListViewController.m; sourceTree = "<group>"; };
		E5431BA41BAE7ECC00CC6105 /* MyListTableViewCell.h */ = {isa = PBXFileReference; fileEncoding = 4; lastKnownFileType = sourcecode.c.h; path = MyListTableViewCell.h; sourceTree = "<group>"; };
		E5431BA51BAE7ECC00CC6105 /* MyListTableViewCell.m */ = {isa = PBXFileReference; fileEncoding = 4; lastKnownFileType = sourcecode.c.objc; path = MyListTableViewCell.m; sourceTree = "<group>"; };
		E5431BAA1BAEA38D00CC6105 /* UINavigationBar+CustomHeight.h */ = {isa = PBXFileReference; fileEncoding = 4; lastKnownFileType = sourcecode.c.h; path = "UINavigationBar+CustomHeight.h"; sourceTree = "<group>"; };
		E5431BAB1BAEA38D00CC6105 /* UINavigationBar+CustomHeight.m */ = {isa = PBXFileReference; fileEncoding = 4; lastKnownFileType = sourcecode.c.objc; path = "UINavigationBar+CustomHeight.m"; sourceTree = "<group>"; };
		E5431BAD1BAEBB7D00CC6105 /* DetailViewController.h */ = {isa = PBXFileReference; fileEncoding = 4; lastKnownFileType = sourcecode.c.h; path = DetailViewController.h; sourceTree = "<group>"; };
		E5431BAE1BAEBB7D00CC6105 /* DetailViewController.m */ = {isa = PBXFileReference; fileEncoding = 4; lastKnownFileType = sourcecode.c.objc; path = DetailViewController.m; sourceTree = "<group>"; };
		E5431BB01BAEBD8100CC6105 /* MapKit.framework */ = {isa = PBXFileReference; lastKnownFileType = wrapper.framework; name = MapKit.framework; path = System/Library/Frameworks/MapKit.framework; sourceTree = SDKROOT; };
		E5C3733E1BAEE842003B7603 /* Configurations.plist */ = {isa = PBXFileReference; fileEncoding = 4; lastKnownFileType = text.plist.xml; path = Configurations.plist; sourceTree = "<group>"; };
		E5C373411BAEF209003B7603 /* MessageCell.h */ = {isa = PBXFileReference; fileEncoding = 4; lastKnownFileType = sourcecode.c.h; path = MessageCell.h; sourceTree = "<group>"; };
		E5C373421BAEF209003B7603 /* MessageCell.m */ = {isa = PBXFileReference; fileEncoding = 4; lastKnownFileType = sourcecode.c.objc; path = MessageCell.m; sourceTree = "<group>"; };
		E5C373431BAEF209003B7603 /* MessagesViewController.h */ = {isa = PBXFileReference; fileEncoding = 4; lastKnownFileType = sourcecode.c.h; path = MessagesViewController.h; sourceTree = "<group>"; };
		E5C373441BAEF209003B7603 /* MessagesViewController.m */ = {isa = PBXFileReference; fileEncoding = 4; lastKnownFileType = sourcecode.c.objc; path = MessagesViewController.m; sourceTree = "<group>"; };
		E5C373451BAEF209003B7603 /* MessageTextView.h */ = {isa = PBXFileReference; fileEncoding = 4; lastKnownFileType = sourcecode.c.h; path = MessageTextView.h; sourceTree = "<group>"; };
		E5C373461BAEF209003B7603 /* MessageTextView.m */ = {isa = PBXFileReference; fileEncoding = 4; lastKnownFileType = sourcecode.c.objc; path = MessageTextView.m; sourceTree = "<group>"; };
		E5C3734B1BAEF239003B7603 /* QuickStartUtils.h */ = {isa = PBXFileReference; fileEncoding = 4; lastKnownFileType = sourcecode.c.h; path = QuickStartUtils.h; sourceTree = "<group>"; };
		E5C3734C1BAEF239003B7603 /* QuickStartUtils.m */ = {isa = PBXFileReference; fileEncoding = 4; lastKnownFileType = sourcecode.c.objc; path = QuickStartUtils.m; sourceTree = "<group>"; };
		E5C3734D1BAEF239003B7603 /* UIColor+QuickStart.h */ = {isa = PBXFileReference; fileEncoding = 4; lastKnownFileType = sourcecode.c.h; path = "UIColor+QuickStart.h"; sourceTree = "<group>"; };
		E5C3734E1BAEF239003B7603 /* UIColor+QuickStart.m */ = {isa = PBXFileReference; fileEncoding = 4; lastKnownFileType = sourcecode.c.objc; path = "UIColor+QuickStart.m"; sourceTree = "<group>"; };
		E5C373511BAEF3C3003B7603 /* NavigationViewController.h */ = {isa = PBXFileReference; fileEncoding = 4; lastKnownFileType = sourcecode.c.h; path = NavigationViewController.h; sourceTree = "<group>"; };
		E5C373521BAEF3C3003B7603 /* NavigationViewController.m */ = {isa = PBXFileReference; fileEncoding = 4; lastKnownFileType = sourcecode.c.objc; path = NavigationViewController.m; sourceTree = "<group>"; };
/* End PBXFileReference section */

/* Begin PBXFrameworksBuildPhase section */
		91BD9B9C1BAE1728003D82EF /* Frameworks */ = {
			isa = PBXFrameworksBuildPhase;
			buildActionMask = 2147483647;
			files = (
				916B36941BAE782000EE2402 /* Bolts.framework in Frameworks */,
				916B36921BAE77FE00EE2402 /* Social.framework in Frameworks */,
				E5431BB11BAEBD8100CC6105 /* MapKit.framework in Frameworks */,
				916B36901BAE77F700EE2402 /* Accounts.framework in Frameworks */,
				916B368E1BAE77DB00EE2402 /* libsqlite3.dylib in Frameworks */,
				916B368C1BAE77D400EE2402 /* libz.dylib in Frameworks */,
				916B368A1BAE77CB00EE2402 /* SystemConfiguration.framework in Frameworks */,
				916B36881BAE77C600EE2402 /* StoreKit.framework in Frameworks */,
				916B36861BAE77C200EE2402 /* Security.framework in Frameworks */,
				916B36841BAE77B500EE2402 /* QuartzCore.framework in Frameworks */,
				916B36821BAE77AF00EE2402 /* CoreGraphics.framework in Frameworks */,
				916B36801BAE77A800EE2402 /* CoreLocation.framework in Frameworks */,
				916B367E1BAE779C00EE2402 /* CFNetwork.framework in Frameworks */,
				916B367C1BAE779800EE2402 /* AudioToolbox.framework in Frameworks */,
				916B367A1BAE778900EE2402 /* Parse.framework in Frameworks */,
				3ADA1356491D01B2AECA2F66 /* libPods.a in Frameworks */,
			);
			runOnlyForDeploymentPostprocessing = 0;
		};
		91BD9BB81BAE1728003D82EF /* Frameworks */ = {
			isa = PBXFrameworksBuildPhase;
			buildActionMask = 2147483647;
			files = (
			);
			runOnlyForDeploymentPostprocessing = 0;
		};
/* End PBXFrameworksBuildPhase section */

/* Begin PBXGroup section */
		6C5280A1343AC94921717544 /* Pods */ = {
			isa = PBXGroup;
			children = (
				BB8AEC1F6DB5597042DA1B15 /* Pods.debug.xcconfig */,
				1D4AEA9872649168D5BD50B7 /* Pods.release.xcconfig */,
			);
			name = Pods;
			sourceTree = "<group>";
		};
		8A0BE217CF215516FC6592BE /* Frameworks */ = {
			isa = PBXGroup;
			children = (
				E5431BB01BAEBD8100CC6105 /* MapKit.framework */,
				916B36931BAE782000EE2402 /* Bolts.framework */,
				916B36911BAE77FE00EE2402 /* Social.framework */,
				916B368F1BAE77F700EE2402 /* Accounts.framework */,
				916B368D1BAE77DB00EE2402 /* libsqlite3.dylib */,
				916B368B1BAE77D400EE2402 /* libz.dylib */,
				916B36891BAE77CB00EE2402 /* SystemConfiguration.framework */,
				916B36871BAE77C600EE2402 /* StoreKit.framework */,
				916B36851BAE77C200EE2402 /* Security.framework */,
				916B36831BAE77B500EE2402 /* QuartzCore.framework */,
				916B36811BAE77AF00EE2402 /* CoreGraphics.framework */,
				916B367F1BAE77A800EE2402 /* CoreLocation.framework */,
				916B367D1BAE779C00EE2402 /* CFNetwork.framework */,
				916B367B1BAE779800EE2402 /* AudioToolbox.framework */,
				916B36791BAE778900EE2402 /* Parse.framework */,
				DD7E93940E6978FEBF28E7FA /* libPods.a */,
			);
			name = Frameworks;
			sourceTree = "<group>";
		};
		91BD9B961BAE1728003D82EF = {
			isa = PBXGroup;
			children = (
				91BD9BA11BAE1728003D82EF /* foodie */,
				91BD9BBE1BAE1728003D82EF /* foodieTests */,
				91BD9BA01BAE1728003D82EF /* Products */,
				6C5280A1343AC94921717544 /* Pods */,
				8A0BE217CF215516FC6592BE /* Frameworks */,
			);
			sourceTree = "<group>";
		};
		91BD9BA01BAE1728003D82EF /* Products */ = {
			isa = PBXGroup;
			children = (
				91BD9B9F1BAE1728003D82EF /* foodie.app */,
				91BD9BBB1BAE1728003D82EF /* foodieTests.xctest */,
			);
			name = Products;
			sourceTree = "<group>";
		};
		91BD9BA11BAE1728003D82EF /* foodie */ = {
			isa = PBXGroup;
			children = (
				E5C3734A1BAEF22B003B7603 /* Util */,
				E5C373401BAEF1F3003B7603 /* MessageView */,
				91BD9C0A1BAE246C003D82EF /* NSURLRequest+OAuth.h */,
				91BD9C0B1BAE246C003D82EF /* NSURLRequest+OAuth.m */,
				916B366E1BAE5E5800EE2402 /* YelpAPIHelper.h */,
				916B366F1BAE5E5800EE2402 /* YelpAPIHelper.m */,
				91BD9C0D1BAE246C003D82EF /* OAuthConsumer */,
				E5431B9D1BAE41D400CC6105 /* Models */,
				E5431B961BAE408500CC6105 /* Views */,
				916B36A21BAEC25400EE2402 /* IBMServerHelper.h */,
				916B36A31BAEC25400EE2402 /* IBMServerHelper.m */,
				916B36711BAE5F1700EE2402 /* ImageUrlHelper.h */,
				916B36721BAE5F1700EE2402 /* ImageUrlHelper.m */,
				91BD9BA61BAE1728003D82EF /* AppDelegate.h */,
				91BD9BA71BAE1728003D82EF /* AppDelegate.m */,
				91BD9BAC1BAE1728003D82EF /* ViewController.h */,
				91BD9BAD1BAE1728003D82EF /* ViewController.m */,
				E5C373511BAEF3C3003B7603 /* NavigationViewController.h */,
				E5C373521BAEF3C3003B7603 /* NavigationViewController.m */,
				E5431BA11BAE7E1C00CC6105 /* MyListViewController.h */,
				E5431BA21BAE7E1C00CC6105 /* MyListViewController.m */,
				E5431BAD1BAEBB7D00CC6105 /* DetailViewController.h */,
				E5431BAE1BAEBB7D00CC6105 /* DetailViewController.m */,
				E5431BA41BAE7ECC00CC6105 /* MyListTableViewCell.h */,
				E5431BA51BAE7ECC00CC6105 /* MyListTableViewCell.m */,
				91BD9BAF1BAE1728003D82EF /* Main.storyboard */,
				91BD9BB21BAE1728003D82EF /* Images.xcassets */,
				91BD9BB41BAE1728003D82EF /* LaunchScreen.xib */,
				91BD9BA91BAE1728003D82EF /* foodie.xcdatamodeld */,
				91BD9BA21BAE1728003D82EF /* Supporting Files */,
			);
			path = foodie;
			sourceTree = "<group>";
		};
		91BD9BA21BAE1728003D82EF /* Supporting Files */ = {
			isa = PBXGroup;
			children = (
				E5C3733E1BAEE842003B7603 /* Configurations.plist */,
				91BD9C091BAE2157003D82EF /* foodie-Prefix.pch */,
				91BD9BA31BAE1728003D82EF /* Info.plist */,
				91BD9BA41BAE1728003D82EF /* main.m */,
			);
			name = "Supporting Files";
			sourceTree = "<group>";
		};
		91BD9BBE1BAE1728003D82EF /* foodieTests */ = {
			isa = PBXGroup;
			children = (
				91BD9BC11BAE1728003D82EF /* foodieTests.m */,
				91BD9BBF1BAE1728003D82EF /* Supporting Files */,
			);
			path = foodieTests;
			sourceTree = "<group>";
		};
		91BD9BBF1BAE1728003D82EF /* Supporting Files */ = {
			isa = PBXGroup;
			children = (
				91BD9BC01BAE1728003D82EF /* Info.plist */,
			);
			name = "Supporting Files";
			sourceTree = "<group>";
		};
		91BD9C0D1BAE246C003D82EF /* OAuthConsumer */ = {
			isa = PBXGroup;
			children = (
				91BD9C0E1BAE246C003D82EF /* Categories */,
				91BD9C151BAE246C003D82EF /* Crytpo */,
				91BD9C1C1BAE246C003D82EF /* OACall.h */,
				91BD9C1D1BAE246C003D82EF /* OACall.m */,
				91BD9C1E1BAE246C003D82EF /* OAConsumer.h */,
				91BD9C1F1BAE246C003D82EF /* OAConsumer.m */,
				91BD9C201BAE246C003D82EF /* OADataFetcher.h */,
				91BD9C211BAE246C003D82EF /* OADataFetcher.m */,
				91BD9C221BAE246C003D82EF /* OAHMAC_SHA1SignatureProvider.h */,
				91BD9C231BAE246C003D82EF /* OAHMAC_SHA1SignatureProvider.m */,
				91BD9C241BAE246C003D82EF /* OAMutableURLRequest.h */,
				91BD9C251BAE246C003D82EF /* OAMutableURLRequest.m */,
				91BD9C261BAE246C003D82EF /* OAPlaintextSignatureProvider.h */,
				91BD9C271BAE246C003D82EF /* OAPlaintextSignatureProvider.m */,
				91BD9C281BAE246C003D82EF /* OAProblem.h */,
				91BD9C291BAE246C003D82EF /* OAProblem.m */,
				91BD9C2A1BAE246C003D82EF /* OARequestParameter.h */,
				91BD9C2B1BAE246C003D82EF /* OARequestParameter.m */,
				91BD9C2C1BAE246C003D82EF /* OAServiceTicket.h */,
				91BD9C2D1BAE246C003D82EF /* OAServiceTicket.m */,
				91BD9C2E1BAE246C003D82EF /* OASignatureProviding.h */,
				91BD9C2F1BAE246C003D82EF /* OAToken.h */,
				91BD9C301BAE246C003D82EF /* OAToken.m */,
				91BD9C311BAE246C003D82EF /* OATokenManager.h */,
				91BD9C321BAE246C003D82EF /* OATokenManager.m */,
				91BD9C331BAE246C003D82EF /* OAuthConsumer.h */,
			);
			path = OAuthConsumer;
			sourceTree = "<group>";
		};
		91BD9C0E1BAE246C003D82EF /* Categories */ = {
			isa = PBXGroup;
			children = (
				91BD9C0F1BAE246C003D82EF /* NSMutableURLRequest+Parameters.h */,
				91BD9C101BAE246C003D82EF /* NSMutableURLRequest+Parameters.m */,
				91BD9C111BAE246C003D82EF /* NSString+URLEncoding.h */,
				91BD9C121BAE246C003D82EF /* NSString+URLEncoding.m */,
				91BD9C131BAE246C003D82EF /* NSURL+Base.h */,
				91BD9C141BAE246C003D82EF /* NSURL+Base.m */,
			);
			path = Categories;
			sourceTree = "<group>";
		};
		91BD9C151BAE246C003D82EF /* Crytpo */ = {
			isa = PBXGroup;
			children = (
				91BD9C161BAE246C003D82EF /* Base64Transcoder.c */,
				91BD9C171BAE246C003D82EF /* Base64Transcoder.h */,
				91BD9C181BAE246C003D82EF /* hmac.c */,
				91BD9C191BAE246C003D82EF /* hmac.h */,
				91BD9C1A1BAE246C003D82EF /* sha1.c */,
				91BD9C1B1BAE246C003D82EF /* sha1.h */,
			);
			path = Crytpo;
			sourceTree = "<group>";
		};
		E5431B961BAE408500CC6105 /* Views */ = {
			isa = PBXGroup;
			children = (
				E5431BAA1BAEA38D00CC6105 /* UINavigationBar+CustomHeight.h */,
				E5431BAB1BAEA38D00CC6105 /* UINavigationBar+CustomHeight.m */,
				E5431B9A1BAE416B00CC6105 /* ImageLabelView.h */,
				E5431B9B1BAE416B00CC6105 /* ImageLabelView.m */,
				E5431B971BAE40DA00CC6105 /* ChooseFoodView.h */,
				E5431B981BAE40DA00CC6105 /* ChooseFoodView.m */,
			);
			name = Views;
			sourceTree = "<group>";
		};
		E5431B9D1BAE41D400CC6105 /* Models */ = {
			isa = PBXGroup;
			children = (
				916B36741BAE5F2100EE2402 /* Business.h */,
				916B36751BAE5F2100EE2402 /* Business.m */,
				E5431B9E1BAE41EA00CC6105 /* Food.h */,
				E5431B9F1BAE41EA00CC6105 /* Food.m */,
			);
			name = Models;
			sourceTree = "<group>";
		};
		E5C373401BAEF1F3003B7603 /* MessageView */ = {
			isa = PBXGroup;
			children = (
				E5C373411BAEF209003B7603 /* MessageCell.h */,
				E5C373421BAEF209003B7603 /* MessageCell.m */,
				E5C373431BAEF209003B7603 /* MessagesViewController.h */,
				E5C373441BAEF209003B7603 /* MessagesViewController.m */,
				E5C373451BAEF209003B7603 /* MessageTextView.h */,
				E5C373461BAEF209003B7603 /* MessageTextView.m */,
			);
			name = MessageView;
			sourceTree = "<group>";
		};
		E5C3734A1BAEF22B003B7603 /* Util */ = {
			isa = PBXGroup;
			children = (
				E5C3734B1BAEF239003B7603 /* QuickStartUtils.h */,
				E5C3734C1BAEF239003B7603 /* QuickStartUtils.m */,
				E5C3734D1BAEF239003B7603 /* UIColor+QuickStart.h */,
				E5C3734E1BAEF239003B7603 /* UIColor+QuickStart.m */,
			);
			name = Util;
			sourceTree = "<group>";
		};
/* End PBXGroup section */

/* Begin PBXNativeTarget section */
		91BD9B9E1BAE1728003D82EF /* foodie */ = {
			isa = PBXNativeTarget;
			buildConfigurationList = 91BD9BC51BAE1728003D82EF /* Build configuration list for PBXNativeTarget "foodie" */;
			buildPhases = (
				DC6CE0D6D49B2F972B37A1F8 /* Check Pods Manifest.lock */,
				91BD9B9B1BAE1728003D82EF /* Sources */,
				91BD9B9C1BAE1728003D82EF /* Frameworks */,
				91BD9B9D1BAE1728003D82EF /* Resources */,
				630BB9A22A7D8A3EC2702553 /* Copy Pods Resources */,
			);
			buildRules = (
			);
			dependencies = (
			);
			name = foodie;
			productName = foodie;
			productReference = 91BD9B9F1BAE1728003D82EF /* foodie.app */;
			productType = "com.apple.product-type.application";
		};
		91BD9BBA1BAE1728003D82EF /* foodieTests */ = {
			isa = PBXNativeTarget;
			buildConfigurationList = 91BD9BC81BAE1728003D82EF /* Build configuration list for PBXNativeTarget "foodieTests" */;
			buildPhases = (
				91BD9BB71BAE1728003D82EF /* Sources */,
				91BD9BB81BAE1728003D82EF /* Frameworks */,
				91BD9BB91BAE1728003D82EF /* Resources */,
			);
			buildRules = (
			);
			dependencies = (
				91BD9BBD1BAE1728003D82EF /* PBXTargetDependency */,
			);
			name = foodieTests;
			productName = foodieTests;
			productReference = 91BD9BBB1BAE1728003D82EF /* foodieTests.xctest */;
			productType = "com.apple.product-type.bundle.unit-test";
		};
/* End PBXNativeTarget section */

/* Begin PBXProject section */
		91BD9B971BAE1728003D82EF /* Project object */ = {
			isa = PBXProject;
			attributes = {
				LastUpgradeCheck = 0640;
				ORGANIZATIONNAME = "Favorie&John";
				TargetAttributes = {
					91BD9B9E1BAE1728003D82EF = {
						CreatedOnToolsVersion = 6.4;
						SystemCapabilities = {
							com.apple.Maps.iOS = {
								enabled = 1;
							};
						};
					};
					91BD9BBA1BAE1728003D82EF = {
						CreatedOnToolsVersion = 6.4;
						TestTargetID = 91BD9B9E1BAE1728003D82EF;
					};
				};
			};
			buildConfigurationList = 91BD9B9A1BAE1728003D82EF /* Build configuration list for PBXProject "foodie" */;
			compatibilityVersion = "Xcode 3.2";
			developmentRegion = English;
			hasScannedForEncodings = 0;
			knownRegions = (
				en,
				Base,
			);
			mainGroup = 91BD9B961BAE1728003D82EF;
			productRefGroup = 91BD9BA01BAE1728003D82EF /* Products */;
			projectDirPath = "";
			projectRoot = "";
			targets = (
				91BD9B9E1BAE1728003D82EF /* foodie */,
				91BD9BBA1BAE1728003D82EF /* foodieTests */,
			);
		};
/* End PBXProject section */

/* Begin PBXResourcesBuildPhase section */
		91BD9B9D1BAE1728003D82EF /* Resources */ = {
			isa = PBXResourcesBuildPhase;
			buildActionMask = 2147483647;
			files = (
				91BD9BB11BAE1728003D82EF /* Main.storyboard in Resources */,
				E5C3733F1BAEE842003B7603 /* Configurations.plist in Resources */,
				91BD9BB61BAE1728003D82EF /* LaunchScreen.xib in Resources */,
				91BD9BB31BAE1728003D82EF /* Images.xcassets in Resources */,
			);
			runOnlyForDeploymentPostprocessing = 0;
		};
		91BD9BB91BAE1728003D82EF /* Resources */ = {
			isa = PBXResourcesBuildPhase;
			buildActionMask = 2147483647;
			files = (
			);
			runOnlyForDeploymentPostprocessing = 0;
		};
/* End PBXResourcesBuildPhase section */

/* Begin PBXShellScriptBuildPhase section */
		630BB9A22A7D8A3EC2702553 /* Copy Pods Resources */ = {
			isa = PBXShellScriptBuildPhase;
			buildActionMask = 2147483647;
			files = (
			);
			inputPaths = (
			);
			name = "Copy Pods Resources";
			outputPaths = (
			);
			runOnlyForDeploymentPostprocessing = 0;
			shellPath = /bin/sh;
			shellScript = "\"${SRCROOT}/Pods/Target Support Files/Pods/Pods-resources.sh\"\n";
			showEnvVarsInLog = 0;
		};
		DC6CE0D6D49B2F972B37A1F8 /* Check Pods Manifest.lock */ = {
			isa = PBXShellScriptBuildPhase;
			buildActionMask = 2147483647;
			files = (
			);
			inputPaths = (
			);
			name = "Check Pods Manifest.lock";
			outputPaths = (
			);
			runOnlyForDeploymentPostprocessing = 0;
			shellPath = /bin/sh;
			shellScript = "diff \"${PODS_ROOT}/../Podfile.lock\" \"${PODS_ROOT}/Manifest.lock\" > /dev/null\nif [[ $? != 0 ]] ; then\n    cat << EOM\nerror: The sandbox is not in sync with the Podfile.lock. Run 'pod install' or update your CocoaPods installation.\nEOM\n    exit 1\nfi\n";
			showEnvVarsInLog = 0;
		};
/* End PBXShellScriptBuildPhase section */

/* Begin PBXSourcesBuildPhase section */
		91BD9B9B1BAE1728003D82EF /* Sources */ = {
			isa = PBXSourcesBuildPhase;
			buildActionMask = 2147483647;
			files = (
				91BD9C3C1BAE246C003D82EF /* sha1.c in Sources */,
				91BD9BA81BAE1728003D82EF /* AppDelegate.m in Sources */,
				91BD9BA51BAE1728003D82EF /* main.m in Sources */,
				E5431BAF1BAEBB7D00CC6105 /* DetailViewController.m in Sources */,
				91BD9C3D1BAE246C003D82EF /* OACall.m in Sources */,
				916B36A41BAEC25400EE2402 /* IBMServerHelper.m in Sources */,
				E5C373481BAEF209003B7603 /* MessagesViewController.m in Sources */,
				91BD9C391BAE246C003D82EF /* NSURL+Base.m in Sources */,
				91BD9C471BAE246C003D82EF /* OATokenManager.m in Sources */,
				91BD9C421BAE246C003D82EF /* OAPlaintextSignatureProvider.m in Sources */,
				E5431BAC1BAEA38D00CC6105 /* UINavigationBar+CustomHeight.m in Sources */,
				91BD9C3A1BAE246C003D82EF /* Base64Transcoder.c in Sources */,
				91BD9C411BAE246C003D82EF /* OAMutableURLRequest.m in Sources */,
				91BD9BAE1BAE1728003D82EF /* ViewController.m in Sources */,
				E5C373471BAEF209003B7603 /* MessageCell.m in Sources */,
				91BD9C441BAE246C003D82EF /* OARequestParameter.m in Sources */,
				E5C373501BAEF239003B7603 /* UIColor+QuickStart.m in Sources */,
				E5431BA61BAE7ECC00CC6105 /* MyListTableViewCell.m in Sources */,
				E5C373491BAEF209003B7603 /* MessageTextView.m in Sources */,
				916B36731BAE5F1700EE2402 /* ImageUrlHelper.m in Sources */,
				E5C373531BAEF3C3003B7603 /* NavigationViewController.m in Sources */,
				91BD9C3B1BAE246C003D82EF /* hmac.c in Sources */,
				91BD9C461BAE246C003D82EF /* OAToken.m in Sources */,
				E5431BA01BAE41EA00CC6105 /* Food.m in Sources */,
				91BD9C371BAE246C003D82EF /* NSMutableURLRequest+Parameters.m in Sources */,
				91BD9C451BAE246C003D82EF /* OAServiceTicket.m in Sources */,
				916B36761BAE5F2100EE2402 /* Business.m in Sources */,
				E5431B9C1BAE416B00CC6105 /* ImageLabelView.m in Sources */,
				E5C3734F1BAEF239003B7603 /* QuickStartUtils.m in Sources */,
				E5431B991BAE40DA00CC6105 /* ChooseFoodView.m in Sources */,
				91BD9C3F1BAE246C003D82EF /* OADataFetcher.m in Sources */,
				91BD9C431BAE246C003D82EF /* OAProblem.m in Sources */,
				91BD9C3E1BAE246C003D82EF /* OAConsumer.m in Sources */,
				91BD9C401BAE246C003D82EF /* OAHMAC_SHA1SignatureProvider.m in Sources */,
				916B36701BAE5E5800EE2402 /* YelpAPIHelper.m in Sources */,
				91BD9C351BAE246C003D82EF /* NSURLRequest+OAuth.m in Sources */,
				E5431BA31BAE7E1C00CC6105 /* MyListViewController.m in Sources */,
				91BD9BAB1BAE1728003D82EF /* foodie.xcdatamodeld in Sources */,
				91BD9C381BAE246C003D82EF /* NSString+URLEncoding.m in Sources */,
			);
			runOnlyForDeploymentPostprocessing = 0;
		};
		91BD9BB71BAE1728003D82EF /* Sources */ = {
			isa = PBXSourcesBuildPhase;
			buildActionMask = 2147483647;
			files = (
				91BD9BC21BAE1728003D82EF /* foodieTests.m in Sources */,
			);
			runOnlyForDeploymentPostprocessing = 0;
		};
/* End PBXSourcesBuildPhase section */

/* Begin PBXTargetDependency section */
		91BD9BBD1BAE1728003D82EF /* PBXTargetDependency */ = {
			isa = PBXTargetDependency;
			target = 91BD9B9E1BAE1728003D82EF /* foodie */;
			targetProxy = 91BD9BBC1BAE1728003D82EF /* PBXContainerItemProxy */;
		};
/* End PBXTargetDependency section */

/* Begin PBXVariantGroup section */
		91BD9BAF1BAE1728003D82EF /* Main.storyboard */ = {
			isa = PBXVariantGroup;
			children = (
				91BD9BB01BAE1728003D82EF /* Base */,
			);
			name = Main.storyboard;
			sourceTree = "<group>";
		};
		91BD9BB41BAE1728003D82EF /* LaunchScreen.xib */ = {
			isa = PBXVariantGroup;
			children = (
				91BD9BB51BAE1728003D82EF /* Base */,
			);
			name = LaunchScreen.xib;
			sourceTree = "<group>";
		};
/* End PBXVariantGroup section */

/* Begin XCBuildConfiguration section */
		91BD9BC31BAE1728003D82EF /* Debug */ = {
			isa = XCBuildConfiguration;
			buildSettings = {
				ALWAYS_SEARCH_USER_PATHS = NO;
				CLANG_CXX_LANGUAGE_STANDARD = "gnu++0x";
				CLANG_CXX_LIBRARY = "libc++";
				CLANG_ENABLE_MODULES = YES;
				CLANG_ENABLE_OBJC_ARC = YES;
				CLANG_WARN_BOOL_CONVERSION = YES;
				CLANG_WARN_CONSTANT_CONVERSION = YES;
				CLANG_WARN_DIRECT_OBJC_ISA_USAGE = YES_ERROR;
				CLANG_WARN_EMPTY_BODY = YES;
				CLANG_WARN_ENUM_CONVERSION = YES;
				CLANG_WARN_INT_CONVERSION = YES;
				CLANG_WARN_OBJC_ROOT_CLASS = YES_ERROR;
				CLANG_WARN_UNREACHABLE_CODE = YES;
				CLANG_WARN__DUPLICATE_METHOD_MATCH = YES;
				"CODE_SIGN_IDENTITY[sdk=iphoneos*]" = "iPhone Developer";
				COPY_PHASE_STRIP = NO;
				DEBUG_INFORMATION_FORMAT = "dwarf-with-dsym";
				ENABLE_STRICT_OBJC_MSGSEND = YES;
				GCC_C_LANGUAGE_STANDARD = gnu99;
				GCC_DYNAMIC_NO_PIC = NO;
				GCC_NO_COMMON_BLOCKS = YES;
				GCC_OPTIMIZATION_LEVEL = 0;
				GCC_PREPROCESSOR_DEFINITIONS = (
					"DEBUG=1",
					"$(inherited)",
				);
				GCC_SYMBOLS_PRIVATE_EXTERN = NO;
				GCC_WARN_64_TO_32_BIT_CONVERSION = YES;
				GCC_WARN_ABOUT_RETURN_TYPE = YES_ERROR;
				GCC_WARN_UNDECLARED_SELECTOR = YES;
				GCC_WARN_UNINITIALIZED_AUTOS = YES_AGGRESSIVE;
				GCC_WARN_UNUSED_FUNCTION = YES;
				GCC_WARN_UNUSED_VARIABLE = YES;
				IPHONEOS_DEPLOYMENT_TARGET = 8.2;
				MTL_ENABLE_DEBUG_INFO = YES;
				ONLY_ACTIVE_ARCH = YES;
				SDKROOT = iphoneos;
			};
			name = Debug;
		};
		91BD9BC41BAE1728003D82EF /* Release */ = {
			isa = XCBuildConfiguration;
			buildSettings = {
				ALWAYS_SEARCH_USER_PATHS = NO;
				CLANG_CXX_LANGUAGE_STANDARD = "gnu++0x";
				CLANG_CXX_LIBRARY = "libc++";
				CLANG_ENABLE_MODULES = YES;
				CLANG_ENABLE_OBJC_ARC = YES;
				CLANG_WARN_BOOL_CONVERSION = YES;
				CLANG_WARN_CONSTANT_CONVERSION = YES;
				CLANG_WARN_DIRECT_OBJC_ISA_USAGE = YES_ERROR;
				CLANG_WARN_EMPTY_BODY = YES;
				CLANG_WARN_ENUM_CONVERSION = YES;
				CLANG_WARN_INT_CONVERSION = YES;
				CLANG_WARN_OBJC_ROOT_CLASS = YES_ERROR;
				CLANG_WARN_UNREACHABLE_CODE = YES;
				CLANG_WARN__DUPLICATE_METHOD_MATCH = YES;
				"CODE_SIGN_IDENTITY[sdk=iphoneos*]" = "iPhone Developer";
				COPY_PHASE_STRIP = NO;
				DEBUG_INFORMATION_FORMAT = "dwarf-with-dsym";
				ENABLE_NS_ASSERTIONS = NO;
				ENABLE_STRICT_OBJC_MSGSEND = YES;
				GCC_C_LANGUAGE_STANDARD = gnu99;
				GCC_NO_COMMON_BLOCKS = YES;
				GCC_WARN_64_TO_32_BIT_CONVERSION = YES;
				GCC_WARN_ABOUT_RETURN_TYPE = YES_ERROR;
				GCC_WARN_UNDECLARED_SELECTOR = YES;
				GCC_WARN_UNINITIALIZED_AUTOS = YES_AGGRESSIVE;
				GCC_WARN_UNUSED_FUNCTION = YES;
				GCC_WARN_UNUSED_VARIABLE = YES;
				IPHONEOS_DEPLOYMENT_TARGET = 8.2;
				MTL_ENABLE_DEBUG_INFO = NO;
				SDKROOT = iphoneos;
				VALIDATE_PRODUCT = YES;
			};
			name = Release;
		};
		91BD9BC61BAE1728003D82EF /* Debug */ = {
			isa = XCBuildConfiguration;
			baseConfigurationReference = BB8AEC1F6DB5597042DA1B15 /* Pods.debug.xcconfig */;
			buildSettings = {
				ASSETCATALOG_COMPILER_APPICON_NAME = AppIcon;
				FRAMEWORK_SEARCH_PATHS = (
					"$(inherited)",
					"$(PROJECT_DIR)",
				);
				GCC_PREFIX_HEADER = "foodie/foodie-Prefix.pch";
				INFOPLIST_FILE = foodie/Info.plist;
				LD_RUNPATH_SEARCH_PATHS = "$(inherited) @executable_path/Frameworks";
				PRODUCT_NAME = "$(TARGET_NAME)";
			};
			name = Debug;
		};
		91BD9BC71BAE1728003D82EF /* Release */ = {
			isa = XCBuildConfiguration;
			baseConfigurationReference = 1D4AEA9872649168D5BD50B7 /* Pods.release.xcconfig */;
			buildSettings = {
				ASSETCATALOG_COMPILER_APPICON_NAME = AppIcon;
				FRAMEWORK_SEARCH_PATHS = (
					"$(inherited)",
					"$(PROJECT_DIR)",
				);
				GCC_PREFIX_HEADER = "foodie/foodie-Prefix.pch";
				INFOPLIST_FILE = foodie/Info.plist;
				LD_RUNPATH_SEARCH_PATHS = "$(inherited) @executable_path/Frameworks";
				PRODUCT_NAME = "$(TARGET_NAME)";
			};
			name = Release;
		};
		91BD9BC91BAE1728003D82EF /* Debug */ = {
			isa = XCBuildConfiguration;
			buildSettings = {
				BUNDLE_LOADER = "$(TEST_HOST)";
				FRAMEWORK_SEARCH_PATHS = (
					"$(SDKROOT)/Developer/Library/Frameworks",
					"$(inherited)",
				);
				GCC_PREPROCESSOR_DEFINITIONS = (
					"DEBUG=1",
					"$(inherited)",
				);
				INFOPLIST_FILE = foodieTests/Info.plist;
				LD_RUNPATH_SEARCH_PATHS = "$(inherited) @executable_path/Frameworks @loader_path/Frameworks";
				PRODUCT_NAME = "$(TARGET_NAME)";
				TEST_HOST = "$(BUILT_PRODUCTS_DIR)/foodie.app/foodie";
			};
			name = Debug;
		};
		91BD9BCA1BAE1728003D82EF /* Release */ = {
			isa = XCBuildConfiguration;
			buildSettings = {
				BUNDLE_LOADER = "$(TEST_HOST)";
				FRAMEWORK_SEARCH_PATHS = (
					"$(SDKROOT)/Developer/Library/Frameworks",
					"$(inherited)",
				);
				INFOPLIST_FILE = foodieTests/Info.plist;
				LD_RUNPATH_SEARCH_PATHS = "$(inherited) @executable_path/Frameworks @loader_path/Frameworks";
				PRODUCT_NAME = "$(TARGET_NAME)";
				TEST_HOST = "$(BUILT_PRODUCTS_DIR)/foodie.app/foodie";
			};
			name = Release;
		};
/* End XCBuildConfiguration section */

/* Begin XCConfigurationList section */
		91BD9B9A1BAE1728003D82EF /* Build configuration list for PBXProject "foodie" */ = {
			isa = XCConfigurationList;
			buildConfigurations = (
				91BD9BC31BAE1728003D82EF /* Debug */,
				91BD9BC41BAE1728003D82EF /* Release */,
			);
			defaultConfigurationIsVisible = 0;
			defaultConfigurationName = Release;
		};
		91BD9BC51BAE1728003D82EF /* Build configuration list for PBXNativeTarget "foodie" */ = {
			isa = XCConfigurationList;
			buildConfigurations = (
				91BD9BC61BAE1728003D82EF /* Debug */,
				91BD9BC71BAE1728003D82EF /* Release */,
			);
			defaultConfigurationIsVisible = 0;
			defaultConfigurationName = Release;
		};
		91BD9BC81BAE1728003D82EF /* Build configuration list for PBXNativeTarget "foodieTests" */ = {
			isa = XCConfigurationList;
			buildConfigurations = (
				91BD9BC91BAE1728003D82EF /* Debug */,
				91BD9BCA1BAE1728003D82EF /* Release */,
			);
			defaultConfigurationIsVisible = 0;
			defaultConfigurationName = Release;
		};
/* End XCConfigurationList section */

/* Begin XCVersionGroup section */
		91BD9BA91BAE1728003D82EF /* foodie.xcdatamodeld */ = {
			isa = XCVersionGroup;
			children = (
				91BD9BAA1BAE1728003D82EF /* foodie.xcdatamodel */,
			);
			currentVersion = 91BD9BAA1BAE1728003D82EF /* foodie.xcdatamodel */;
			path = foodie.xcdatamodeld;
			sourceTree = "<group>";
			versionGroupType = wrapper.xcdatamodel;
		};
/* End XCVersionGroup section */
	};
	rootObject = 91BD9B971BAE1728003D82EF /* Project object */;
}
